
Microsoft Visual Studio Solution File, Format Version 12.00
# Visual Studio Version 16
VisualStudioVersion = 16.0.30611.23
MinimumVisualStudioVersion = 10.0.40219.1
Project("{FAE04EC0-301F-11D3-BF4B-00C04F79EFBC}") = "MelfColorTest", "MelfColorTest.csproj", "{F907FF98-655D-4076-9641-ACC0D2C14466}"
EndProject
Global
	GlobalSection(SolutionConfigurationPlatforms) = preSolution
		Debug|Any CPU = Debug|Any CPU
		Release|Any CPU = Release|Any CPU
	EndGlobalSection
	GlobalSection(ProjectConfigurationPlatforms) = postSolution
		{F907FF98-655D-4076-9641-ACC0D2C14466}.Debug|Any CPU.ActiveCfg = Debug|Any CPU
		{F907FF98-655D-4076-9641-ACC0D2C14466}.Debug|Any CPU.Build.0 = Debug|Any CPU
		{F907FF98-655D-4076-9641-ACC0D2C14466}.Release|Any CPU.ActiveCfg = Release|Any CPU
		{F907FF98-655D-4076-9641-ACC0D2C14466}.Release|Any CPU.Build.0 = Release|Any CPU
	EndGlobalSection
	GlobalSection(SolutionProperties) = preSolution
		HideSolutionNode = FALSE
	EndGlobalSection
	GlobalSection(ExtensibilityGlobals) = postSolution
		SolutionGuid = {43566D6C-D0A1-47FC-A2D3-BD4F7E3AFA7C}
	EndGlobalSection
EndGlobal
